
Microsoft Visual Studio Solution File, Format Version 12.00
# Visual Studio Version 16
VisualStudioVersion = 16.0.31605.320
MinimumVisualStudioVersion = 10.0.40219.1
Project("{9A19103F-16F7-4668-BE54-9A1E7A4F7556}") = "SduDigitalForm", "SduDigitalForm.csproj", "{33160B6C-FDB7-4ADD-A3C0-1D2AC884F070}"
EndProject
Project("{9A19103F-16F7-4668-BE54-9A1E7A4F7556}") = "SduDigitalForm.Business", "SduDigitalForm.Business\SduDigitalForm.Business.csproj", "{B833D7F3-BF22-44DD-9838-C64BD75F3837}"
EndProject
Project("{9A19103F-16F7-4668-BE54-9A1E7A4F7556}") = "SduDigitalForm.Data", "SduDigitalForm.Data\SduDigitalForm.Data.csproj", "{39ED5B23-A486-4F97-99BA-BF027C045773}"
EndProject
Global
	GlobalSection(SolutionConfigurationPlatforms) = preSolution
		Debug|Any CPU = Debug|Any CPU
		Release|Any CPU = Release|Any CPU
	EndGlobalSection
	GlobalSection(ProjectConfigurationPlatforms) = postSolution
		{33160B6C-FDB7-4ADD-A3C0-1D2AC884F070}.Debug|Any CPU.ActiveCfg = Debug|Any CPU
		{33160B6C-FDB7-4ADD-A3C0-1D2AC884F070}.Debug|Any CPU.Build.0 = Debug|Any CPU
		{33160B6C-FDB7-4ADD-A3C0-1D2AC884F070}.Release|Any CPU.ActiveCfg = Release|Any CPU
		{33160B6C-FDB7-4ADD-A3C0-1D2AC884F070}.Release|Any CPU.Build.0 = Release|Any CPU
		{B833D7F3-BF22-44DD-9838-C64BD75F3837}.Debug|Any CPU.ActiveCfg = Debug|Any CPU
		{B833D7F3-BF22-44DD-9838-C64BD75F3837}.Debug|Any CPU.Build.0 = Debug|Any CPU
		{B833D7F3-BF22-44DD-9838-C64BD75F3837}.Release|Any CPU.ActiveCfg = Release|Any CPU
		{B833D7F3-BF22-44DD-9838-C64BD75F3837}.Release|Any CPU.Build.0 = Release|Any CPU
		{39ED5B23-A486-4F97-99BA-BF027C045773}.Debug|Any CPU.ActiveCfg = Debug|Any CPU
		{39ED5B23-A486-4F97-99BA-BF027C045773}.Debug|Any CPU.Build.0 = Debug|Any CPU
		{39ED5B23-A486-4F97-99BA-BF027C045773}.Release|Any CPU.ActiveCfg = Release|Any CPU
		{39ED5B23-A486-4F97-99BA-BF027C045773}.Release|Any CPU.Build.0 = Release|Any CPU
	EndGlobalSection
	GlobalSection(SolutionProperties) = preSolution
		HideSolutionNode = FALSE
	EndGlobalSection
	GlobalSection(ExtensibilityGlobals) = postSolution
		SolutionGuid = {526B84A3-5B8B-4A79-A8EB-D207DC9DF36B}
	EndGlobalSection
EndGlobal
